Microsoft Visual Studio Solution File, Format Version 12.00
# Visual Studio Version 17
VisualStudioVersion = 17.5.2.0
MinimumVisualStudioVersion = 10.0.40219.1
Project("{FAE04EC0-301F-11D3-BF4B-00C04F79EFBC}") = "UrlShortenerApi", "UrlShortenerApi.csproj", "{B9D3C295-3F03-08C7-8D32-0A8CAADEE9CF}"
EndProject
Global
	GlobalSection(SolutionConfigurationPlatforms) = preSolution
		Debug|Any CPU = Debug|Any CPU
		Release|Any CPU = Release|Any CPU
	EndGlobalSection
	GlobalSection(ProjectConfigurationPlatforms) = postSolution
		{B9D3C295-3F03-08C7-8D32-0A8CAADEE9CF}.Debug|Any CPU.ActiveCfg = Debug|Any CPU
		{B9D3C295-3F03-08C7-8D32-0A8CAADEE9CF}.Debug|Any CPU.Build.0 = Debug|Any CPU
		{B9D3C295-3F03-08C7-8D32-0A8CAADEE9CF}.Release|Any CPU.ActiveCfg = Release|Any CPU
		{B9D3C295-3F03-08C7-8D32-0A8CAADEE9CF}.Release|Any CPU.Build.0 = Release|Any CPU
	EndGlobalSection
	GlobalSection(SolutionProperties) = preSolution
		HideSolutionNode = FALSE
	EndGlobalSection
	GlobalSection(ExtensibilityGlobals) = postSolution
		SolutionGuid = {20CEF7E0-6875-4790-B07A-B44E7D873580}
	EndGlobalSection
EndGlobal
